
Microsoft Visual Studio Solution File, Format Version 12.00
# Visual Studio Version 16
VisualStudioVersion = 16.0.30204.135
MinimumVisualStudioVersion = 10.0.40219.1
Project("{FAE04EC0-301F-11D3-BF4B-00C04F79EFBC}") = "AdatokBekerese", "AdatokBekerese\AdatokBekerese.csproj", "{AA7798EB-8AC0-45A0-985E-DD3EE831920B}"
EndProject
Global
	GlobalSection(SolutionConfigurationPlatforms) = preSolution
		Debug|Any CPU = Debug|Any CPU
		Release|Any CPU = Release|Any CPU
	EndGlobalSection
	GlobalSection(ProjectConfigurationPlatforms) = postSolution
		{AA7798EB-8AC0-45A0-985E-DD3EE831920B}.Debug|Any CPU.ActiveCfg = Debug|Any CPU
		{AA7798EB-8AC0-45A0-985E-DD3EE831920B}.Debug|Any CPU.Build.0 = Debug|Any CPU
		{AA7798EB-8AC0-45A0-985E-DD3EE831920B}.Release|Any CPU.ActiveCfg = Release|Any CPU
		{AA7798EB-8AC0-45A0-985E-DD3EE831920B}.Release|Any CPU.Build.0 = Release|Any CPU
	EndGlobalSection
	GlobalSection(SolutionProperties) = preSolution
		HideSolutionNode = FALSE
	EndGlobalSection
	GlobalSection(ExtensibilityGlobals) = postSolution
		SolutionGuid = {06D042B4-26EB-4F93-B48F-82DCA04ABF65}
	EndGlobalSection
EndGlobal
